
Microsoft Visual Studio Solution File, Format Version 11.00
# Visual Studio 2010
Project("{FAE04EC0-301F-11D3-BF4B-00C04F79EFBC}") = "Assembly-CSharp", "Assembly-CSharp.csproj", "{A539C5CC-9091-A07E-DB98-362D3FA313ED}"
EndProject
Project("{FAE04EC0-301F-11D3-BF4B-00C04F79EFBC}") = "Assembly-CSharp-Editor", "Assembly-CSharp-Editor.csproj", "{ACEAC65C-1504-4289-2C07-B01A283AF224}"
EndProject
Global
	GlobalSection(SolutionConfigurationPlatforms) = preSolution
		Debug|Any CPU = Debug|Any CPU
		Release|Any CPU = Release|Any CPU
	EndGlobalSection
	GlobalSection(ProjectConfigurationPlatforms) = postSolution
		{A539C5CC-9091-A07E-DB98-362D3FA313ED}.Debug|Any CPU.ActiveCfg = Debug|Any CPU
		{A539C5CC-9091-A07E-DB98-362D3FA313ED}.Debug|Any CPU.Build.0 = Debug|Any CPU
		{A539C5CC-9091-A07E-DB98-362D3FA313ED}.Release|Any CPU.ActiveCfg = Release|Any CPU
		{A539C5CC-9091-A07E-DB98-362D3FA313ED}.Release|Any CPU.Build.0 = Release|Any CPU
		{ACEAC65C-1504-4289-2C07-B01A283AF224}.Debug|Any CPU.ActiveCfg = Debug|Any CPU
		{ACEAC65C-1504-4289-2C07-B01A283AF224}.Debug|Any CPU.Build.0 = Debug|Any CPU
		{ACEAC65C-1504-4289-2C07-B01A283AF224}.Release|Any CPU.ActiveCfg = Release|Any CPU
		{ACEAC65C-1504-4289-2C07-B01A283AF224}.Release|Any CPU.Build.0 = Release|Any CPU
	EndGlobalSection
	GlobalSection(SolutionProperties) = preSolution
		HideSolutionNode = FALSE
	EndGlobalSection
	GlobalSection(MonoDevelopProperties) = preSolution
		StartupItem = Assembly-CSharp.csproj
	EndGlobalSection
EndGlobal
